
Microsoft Visual Studio Solution File, Format Version 12.00
# Visual Studio Version 17
VisualStudioVersion = 17.0.31912.275
MinimumVisualStudioVersion = 10.0.40219.1
Project("{FAE04EC0-301F-11D3-BF4B-00C04F79EFBC}") = "Authen_Auther", "Authen_Auther\Authen_Auther.csproj", "{34B2DA38-067A-43C7-9AD0-B470EED30C82}"
EndProject
Global
	GlobalSection(SolutionConfigurationPlatforms) = preSolution
		Debug|Any CPU = Debug|Any CPU
		Release|Any CPU = Release|Any CPU
	EndGlobalSection
	GlobalSection(ProjectConfigurationPlatforms) = postSolution
		{34B2DA38-067A-43C7-9AD0-B470EED30C82}.Debug|Any CPU.ActiveCfg = Debug|Any CPU
		{34B2DA38-067A-43C7-9AD0-B470EED30C82}.Debug|Any CPU.Build.0 = Debug|Any CPU
		{34B2DA38-067A-43C7-9AD0-B470EED30C82}.Release|Any CPU.ActiveCfg = Release|Any CPU
		{34B2DA38-067A-43C7-9AD0-B470EED30C82}.Release|Any CPU.Build.0 = Release|Any CPU
	EndGlobalSection
	GlobalSection(SolutionProperties) = preSolution
		HideSolutionNode = FALSE
	EndGlobalSection
	GlobalSection(ExtensibilityGlobals) = postSolution
		SolutionGuid = {D4A3EBBA-2A6E-424E-B6B0-CE82F79F264E}
	EndGlobalSection
EndGlobal
